{
  "lockfile_version": "1",
  "packages": {
    "awscli2@latest": {
      "last_modified": "2025-10-10T13:35:32Z",
      "resolved": "github:NixOS/nixpkgs/870493f9a8cb0b074ae5b411b2f232015db19a65#awscli2",
      "source": "devbox-search",
      "version": "2.31.11",
      "systems": {
        "aarch64-darwin": {
          "outputs": [
            {
              "name": "out",
              "path": "/nix/store/s3zpxj9jghslnb8gj8wc92xk63zibp15-awscli2-2.31.11",
              "default": true
            },
            {
              "name": "dist",
              "path": "/nix/store/9ch11wlbdmi418p4f2rmds5ds5jfz0d5-awscli2-2.31.11-dist"
            }
          ],
          "store_path": "/nix/store/s3zpxj9jghslnb8gj8wc92xk63zibp15-awscli2-2.31.11"
        },
        "aarch64-linux": {
          "outputs": [
            {
              "name": "out",
              "path": "/nix/store/3mb3aariwhxay0yhwg8f4d8y7nfmm607-awscli2-2.31.11",
              "default": true
            },
            {
              "name": "dist",
              "path": "/nix/store/y3y7lyhc6wwbyqddrirp1jzha36j70wr-awscli2-2.31.11-dist"
            }
          ],
          "store_path": "/nix/store/3mb3aariwhxay0yhwg8f4d8y7nfmm607-awscli2-2.31.11"
        },
        "x86_64-darwin": {
          "outputs": [
            {
              "name": "out",
              "path": "/nix/store/xnxpskvyhn3yd6bp3l6m615v1qxqfhsf-awscli2-2.31.11",
              "default": true
            },
            {
              "name": "dist",
              "path": "/nix/store/d5v64a51fy097822p9971xkgxyffaa34-awscli2-2.31.11-dist"
            }
          ],
          "store_path": "/nix/store/xnxpskvyhn3yd6bp3l6m615v1qxqfhsf-awscli2-2.31.11"
        },
        "x86_64-linux": {
          "outputs": [
            {
              "name": "out",
              "path": "/nix/store/6gm80073h4id6knkh3j23jm7qhr029lb-awscli2-2.31.11",
              "default": true
            },
            {
              "name": "dist",
              "path": "/nix/store/z56vymjzsn57hjldwigfpjmxc5mrv07i-awscli2-2.31.11-dist"
            }
          ],
          "store_path": "/nix/store/6gm80073h4id6knkh3j23jm7qhr029lb-awscli2-2.31.11"
        }
      }
    },
    "github:NixOS/nixpkgs/nixpkgs-unstable": {
      "last_modified": "2025-10-31T03:13:32Z",
      "resolved": "github:NixOS/nixpkgs/a7fc11be66bdfb5cdde611ee5ce381c183da8386?lastModified=1761880412&narHash=sha256-QoJjGd4NstnyOG4mm4KXF%2BweBzA2AH%2F7gn1Pmpfcb0A%3D"
    }
  }
}
